
Microsoft Visual Studio Solution File, Format Version 12.00
# Visual Studio 2013
VisualStudioVersion = 12.0.31101.0
MinimumVisualStudioVersion = 10.0.40219.1
Project("{FAE04EC0-301F-11D3-BF4B-00C04F79EFBC}") = "Replify", "Replify\Replify.csproj", "{4C020F33-AB4F-4C2E-844E-95389EA64367}"
EndProject
Project("{FAE04EC0-301F-11D3-BF4B-00C04F79EFBC}") = "Replify.Tests", "Replify.Tests\Replify.Tests.csproj", "{934DBE84-276D-46B4-B382-1003CE1BAB18}"
EndProject
Project("{FAE04EC0-301F-11D3-BF4B-00C04F79EFBC}") = "Replify.CommandLine", "Replify.CommandLine\Replify.CommandLine.csproj", "{5B09098E-04EE-40FB-B815-CECB77BD7E14}"
EndProject
Global
	GlobalSection(SolutionConfigurationPlatforms) = preSolution
		Debug|Any CPU = Debug|Any CPU
		Release|Any CPU = Release|Any CPU
	EndGlobalSection
	GlobalSection(ProjectConfigurationPlatforms) = postSolution
		{4C020F33-AB4F-4C2E-844E-95389EA64367}.Debug|Any CPU.ActiveCfg = Debug|Any CPU
		{4C020F33-AB4F-4C2E-844E-95389EA64367}.Debug|Any CPU.Build.0 = Debug|Any CPU
		{4C020F33-AB4F-4C2E-844E-95389EA64367}.Release|Any CPU.ActiveCfg = Release|Any CPU
		{4C020F33-AB4F-4C2E-844E-95389EA64367}.Release|Any CPU.Build.0 = Release|Any CPU
		{934DBE84-276D-46B4-B382-1003CE1BAB18}.Debug|Any CPU.ActiveCfg = Debug|Any CPU
		{934DBE84-276D-46B4-B382-1003CE1BAB18}.Debug|Any CPU.Build.0 = Debug|Any CPU
		{934DBE84-276D-46B4-B382-1003CE1BAB18}.Release|Any CPU.ActiveCfg = Release|Any CPU
		{934DBE84-276D-46B4-B382-1003CE1BAB18}.Release|Any CPU.Build.0 = Release|Any CPU
		{5B09098E-04EE-40FB-B815-CECB77BD7E14}.Debug|Any CPU.ActiveCfg = Debug|Any CPU
		{5B09098E-04EE-40FB-B815-CECB77BD7E14}.Debug|Any CPU.Build.0 = Debug|Any CPU
		{5B09098E-04EE-40FB-B815-CECB77BD7E14}.Release|Any CPU.ActiveCfg = Release|Any CPU
		{5B09098E-04EE-40FB-B815-CECB77BD7E14}.Release|Any CPU.Build.0 = Release|Any CPU
	EndGlobalSection
	GlobalSection(SolutionProperties) = preSolution
		HideSolutionNode = FALSE
	EndGlobalSection
EndGlobal
